// !$*UTF8*$!
{
	archiveVersion = 1;
	classes = {
	};
	objectVersion = 54;
	objects = {

/* Begin PBXBuildFile section */
		065F987C70BA54DE07F0D9B1 /* DirectoryListView.swift in Sources */ = {isa = PBXBuildFile; fileRef = 66E1A0931B578F26F85297EC /* DirectoryListView.swift */; };
		0B2DDF921A920AA70AF672C5 /* KeychainService.swift in Sources */ = {isa = PBXBuildFile; fileRef = 78C2FC8ECE90DA1E8E544F61 /* KeychainService.swift */; };
		116FDE995701054CB30C4F91 /* FileSystemServiceTests.swift in Sources */ = {isa = PBXBuildFile; fileRef = 1ED1721F340C70CBEAB93310 /* FileSystemServiceTests.swift */; };
		11CB4CA7945E8892F1EA325C /* FileRowView.swift in Sources */ = {isa = PBXBuildFile; fileRef = FDC913C0C6ED483CDAA5CCB0 /* FileRowView.swift */; };
		18A28AC03DD660870873BC0C /* TransparentHostingView.swift in Sources */ = {isa = PBXBuildFile; fileRef = 6C46B36BFE42BEA758727621 /* TransparentHostingView.swift */; };
		23E8998483274E38E318A7B3 /* HelperDelegate.swift in Sources */ = {isa = PBXBuildFile; fileRef = 182FFE6100CA19138E3D26C3 /* HelperDelegate.swift */; };
		23FDA4321497DA04C702F283 /* Extensions.swift in Sources */ = {isa = PBXBuildFile; fileRef = 0ED5E05963C022BDF7BE33C6 /* Extensions.swift */; };
		261DE1208E2C5EE25994F679 /* NetPathApp.swift in Sources */ = {isa = PBXBuildFile; fileRef = 32DFA151000F466CAE9969F9 /* NetPathApp.swift */; };
		351EB86F0D8BBCEC55BF5E94 /* BrowserViewModel.swift in Sources */ = {isa = PBXBuildFile; fileRef = 3D5015B1BAA74C7DE58A2EC9 /* BrowserViewModel.swift */; };
		40FC690C7EFA1BB2C19B0258 /* AppSettings.swift in Sources */ = {isa = PBXBuildFile; fileRef = C1DAB366783F695ECE10BE56 /* AppSettings.swift */; };
		43B1261CE761FA15C7E45FFB /* UNCPathTests.swift in Sources */ = {isa = PBXBuildFile; fileRef = 47D9E8BFF9CA8D6E58A1BFE0 /* UNCPathTests.swift */; };
		4CD20F17D37E733DCED318F2 /* PathConversionService.swift in Sources */ = {isa = PBXBuildFile; fileRef = 4EC3B7D6E960F198A3275AC9 /* PathConversionService.swift */; };
		5086BBAD1BD5500FD37173DE /* BrowserView.swift in Sources */ = {isa = PBXBuildFile; fileRef = 37F475BED4267C78163675CF /* BrowserView.swift */; };
		518E4558056DAABC71CE6B21 /* NetPathHelper.xpc in CopyFiles */ = {isa = PBXBuildFile; fileRef = 7E8CDC2BAC49DFC61D967C21 /* NetPathHelper.xpc */; settings = {ATTRIBUTES = (CodeSignOnCopy, RemoveHeadersOnCopy, ); }; };
		528B4EF9693FDFFE4C6DE1AA /* ConnectionState.swift in Sources */ = {isa = PBXBuildFile; fileRef = 9AD5389FCC39F67150CA3F1A /* ConnectionState.swift */; };
		58CA99D14F6F395308F2473F /* AddressBar.swift in Sources */ = {isa = PBXBuildFile; fileRef = 7FB9F0C2DDF799CD57C1D128 /* AddressBar.swift */; };
		5B4FDA62955D46AC7448E8F5 /* PathSuggestionRow.swift in Sources */ = {isa = PBXBuildFile; fileRef = D5ED3478B3E6D41A4BAF5BE1 /* PathSuggestionRow.swift */; };
		5FF740B651EC078A9C37EE53 /* CredentialSettingsView.swift in Sources */ = {isa = PBXBuildFile; fileRef = 2D4831B083295DA66F537904 /* CredentialSettingsView.swift */; };
		6270042DDF27229AB7A3A97A /* AppDelegate.swift in Sources */ = {isa = PBXBuildFile; fileRef = 933400E335BBD80F99A8AF50 /* AppDelegate.swift */; };
		6BEC4C800B3451D4D280FB8E /* NetPathHelperProtocol.swift in Sources */ = {isa = PBXBuildFile; fileRef = A4EE628A026C44ED2F4E8CBA /* NetPathHelperProtocol.swift */; };
		6E3F7121902632E113161EA0 /* PathEntry.swift in Sources */ = {isa = PBXBuildFile; fileRef = 4503D03E675494489140B0EE /* PathEntry.swift */; };
		723257EBCE75870111394042 /* HistorySettingsView.swift in Sources */ = {isa = PBXBuildFile; fileRef = 5E8195465AA2533C8F944EF7 /* HistorySettingsView.swift */; };
		7499E9A4709F14E0B870D776 /* main.swift in Sources */ = {isa = PBXBuildFile; fileRef = F0E4C7D72B8AF53521BB0427 /* main.swift */; };
		7CED5760696748C162650678 /* FileContextMenu.swift in Sources */ = {isa = PBXBuildFile; fileRef = 9862B55F9FF5CEC0B0FE027D /* FileContextMenu.swift */; };
		87298AEA39D71351747B2CF0 /* LauncherPanel.swift in Sources */ = {isa = PBXBuildFile; fileRef = F2A2827FD0F41293F5E0487F /* LauncherPanel.swift */; };
		88E60C7A09D5AB999117A3D2 /* UNCPath.swift in Sources */ = {isa = PBXBuildFile; fileRef = AD9F94883EBA6C175AD407E1 /* UNCPath.swift */; };
		9650A6D84361D3367EEE9795 /* NetPathHelperProtocol.swift in Sources */ = {isa = PBXBuildFile; fileRef = A4EE628A026C44ED2F4E8CBA /* NetPathHelperProtocol.swift */; };
		98EBEE5BD7A0437FAA0ED083 /* HotkeyService.swift in Sources */ = {isa = PBXBuildFile; fileRef = 79DBDAC1A8EA2C5FC9F123C6 /* HotkeyService.swift */; };
		996CB435E30B42843D38F789 /* SidebarView.swift in Sources */ = {isa = PBXBuildFile; fileRef = D9A9B560EC4EDE5C2294AD9D /* SidebarView.swift */; };
		9BF6ECFDE3151EDEE2A17F21 /* LauncherView.swift in Sources */ = {isa = PBXBuildFile; fileRef = 2EA72BA3A94F46CA6BE240F3 /* LauncherView.swift */; };
		A8F3F4A710683F6A08FAB8F7 /* FileSystemService.swift in Sources */ = {isa = PBXBuildFile; fileRef = 1F871690ED20355BBBD4DA2A /* FileSystemService.swift */; };
		AD1DF724824BA21E15E32F43 /* LauncherViewModel.swift in Sources */ = {isa = PBXBuildFile; fileRef = 4F3624EF930DAA982A362067 /* LauncherViewModel.swift */; };
		AF5DC1BB359A4D52A22A4C51 /* StatusBarView.swift in Sources */ = {isa = PBXBuildFile; fileRef = 3BB363FDFF4E71CF212CE34F /* StatusBarView.swift */; };
		B4DDB4D3B46BA108FABA3AFF /* DirectoryGridView.swift in Sources */ = {isa = PBXBuildFile; fileRef = 28B96A0C78AC7DABF8533B20 /* DirectoryGridView.swift */; };
		B8D51F5B297D8400024D838E /* Constants.swift in Sources */ = {isa = PBXBuildFile; fileRef = D77A5EE15D14519FA04672E7 /* Constants.swift */; };
		C744A080DDFE47CA6810B42B /* SettingsView.swift in Sources */ = {isa = PBXBuildFile; fileRef = A4FB85EAD81C8747F30E6B82 /* SettingsView.swift */; };
		C7F0BB996941EE3EF439FC80 /* XPCClient.swift in Sources */ = {isa = PBXBuildFile; fileRef = 3C9C275646A88382197B3DD0 /* XPCClient.swift */; };
		CF0BEF8D16EF78BF4B94883B /* CredentialSheet.swift in Sources */ = {isa = PBXBuildFile; fileRef = 873572E5286A0EF168BD507E /* CredentialSheet.swift */; };
		D022AC42B7BFD3A30F0E68AA /* SettingsViewModel.swift in Sources */ = {isa = PBXBuildFile; fileRef = 357BF485807B0B0ED57EC148 /* SettingsViewModel.swift */; };
		D6760AF7566F43160D15C37C /* GeneralSettingsView.swift in Sources */ = {isa = PBXBuildFile; fileRef = 4B6B38721CF879B49FC115C2 /* GeneralSettingsView.swift */; };
		D964E40FE940241962ABEAE4 /* FileItem.swift in Sources */ = {isa = PBXBuildFile; fileRef = DF9C4907001DF74D1A9A0CA1 /* FileItem.swift */; };
		DF78790C8606C6E5E004B7D3 /* MountSession.swift in Sources */ = {isa = PBXBuildFile; fileRef = F0F5297159DF528C00536B5C /* MountSession.swift */; };
		E1217BE1A39810AE90CBF4E0 /* LoadingIndicator.swift in Sources */ = {isa = PBXBuildFile; fileRef = 7BF3AFB542B6CDF301524578 /* LoadingIndicator.swift */; };
		E670447F102FD419C1A262F8 /* KeychainServiceTests.swift in Sources */ = {isa = PBXBuildFile; fileRef = 97A2BF9275873637098FA77D /* KeychainServiceTests.swift */; };
		F543E04949EEA104D650CCBE /* PathEntryTests.swift in Sources */ = {isa = PBXBuildFile; fileRef = 925AC346005A1D5CE2EAA8DA /* PathEntryTests.swift */; };
		F99D78AEC8B3B92C8A660CB2 /* NetPathHelperProtocol.swift in Sources */ = {isa = PBXBuildFile; fileRef = A4EE628A026C44ED2F4E8CBA /* NetPathHelperProtocol.swift */; };
		FA556D71009A61C82384193E /* Assets.xcassets in Resources */ = {isa = PBXBuildFile; fileRef = D31CB3DA97ED57581675B293 /* Assets.xcassets */; };
		FD2C4F7080B17D227CDA1E1C /* MountService.swift in Sources */ = {isa = PBXBuildFile; fileRef = 6ED2B2E79E6A097CF250E82E /* MountService.swift */; };
/* End PBXBuildFile section */

/* Begin PBXContainerItemProxy section */
		C345071C516BFDBA95D9284D /* PBXContainerItemProxy */ = {
			isa = PBXContainerItemProxy;
			containerPortal = 2D97A5DAB4841A03DFBFD13C /* Project object */;
			proxyType = 1;
			remoteGlobalIDString = E5FFCF7E8D743FCDB173A4E9;
			remoteInfo = NetPath;
		};
		F91B8B8E50587A2FA2A60392 /* PBXContainerItemProxy */ = {
			isa = PBXContainerItemProxy;
			containerPortal = 2D97A5DAB4841A03DFBFD13C /* Project object */;
			proxyType = 1;
			remoteGlobalIDString = 29BC6C0C4A5E29EBB021F72F;
			remoteInfo = NetPathHelper;
		};
/* End PBXContainerItemProxy section */

/* Begin PBXCopyFilesBuildPhase section */
		E35D7F0F4C106F31C3EDD9CB /* CopyFiles */ = {
			isa = PBXCopyFilesBuildPhase;
			buildActionMask = 2147483647;
			dstPath = "$(CONTENTS_FOLDER_PATH)/XPCServices";
			dstSubfolderSpec = 16;
			files = (
				518E4558056DAABC71CE6B21 /* NetPathHelper.xpc in CopyFiles */,
			);
			runOnlyForDeploymentPostprocessing = 0;
		};
/* End PBXCopyFilesBuildPhase section */

/* Begin PBXFileReference section */
		0ED5E05963C022BDF7BE33C6 /* Extensions.swift */ = {isa = PBXFileReference; lastKnownFileType = sourcecode.swift; path = Extensions.swift; sourceTree = "<group>"; };
		182FFE6100CA19138E3D26C3 /* HelperDelegate.swift */ = {isa = PBXFileReference; lastKnownFileType = sourcecode.swift; path = HelperDelegate.swift; sourceTree = "<group>"; };
		1ED1721F340C70CBEAB93310 /* FileSystemServiceTests.swift */ = {isa = PBXFileReference; lastKnownFileType = sourcecode.swift; path = FileSystemServiceTests.swift; sourceTree = "<group>"; };
		1F871690ED20355BBBD4DA2A /* FileSystemService.swift */ = {isa = PBXFileReference; lastKnownFileType = sourcecode.swift; path = FileSystemService.swift; sourceTree = "<group>"; };
		28B96A0C78AC7DABF8533B20 /* DirectoryGridView.swift */ = {isa = PBXFileReference; lastKnownFileType = sourcecode.swift; path = DirectoryGridView.swift; sourceTree = "<group>"; };
		2D4831B083295DA66F537904 /* CredentialSettingsView.swift */ = {isa = PBXFileReference; lastKnownFileType = sourcecode.swift; path = CredentialSettingsView.swift; sourceTree = "<group>"; };
		2EA72BA3A94F46CA6BE240F3 /* LauncherView.swift */ = {isa = PBXFileReference; lastKnownFileType = sourcecode.swift; path = LauncherView.swift; sourceTree = "<group>"; };
		32DFA151000F466CAE9969F9 /* NetPathApp.swift */ = {isa = PBXFileReference; lastKnownFileType = sourcecode.swift; path = NetPathApp.swift; sourceTree = "<group>"; };
		357BF485807B0B0ED57EC148 /* SettingsViewModel.swift */ = {isa = PBXFileReference; lastKnownFileType = sourcecode.swift; path = SettingsViewModel.swift; sourceTree = "<group>"; };
		37F475BED4267C78163675CF /* BrowserView.swift */ = {isa = PBXFileReference; lastKnownFileType = sourcecode.swift; path = BrowserView.swift; sourceTree = "<group>"; };
		3BB363FDFF4E71CF212CE34F /* StatusBarView.swift */ = {isa = PBXFileReference; lastKnownFileType = sourcecode.swift; path = StatusBarView.swift; sourceTree = "<group>"; };
		3C9C275646A88382197B3DD0 /* XPCClient.swift */ = {isa = PBXFileReference; lastKnownFileType = sourcecode.swift; path = XPCClient.swift; sourceTree = "<group>"; };
		3D5015B1BAA74C7DE58A2EC9 /* BrowserViewModel.swift */ = {isa = PBXFileReference; lastKnownFileType = sourcecode.swift; path = BrowserViewModel.swift; sourceTree = "<group>"; };
		4503D03E675494489140B0EE /* PathEntry.swift */ = {isa = PBXFileReference; lastKnownFileType = sourcecode.swift; path = PathEntry.swift; sourceTree = "<group>"; };
		47D9E8BFF9CA8D6E58A1BFE0 /* UNCPathTests.swift */ = {isa = PBXFileReference; lastKnownFileType = sourcecode.swift; path = UNCPathTests.swift; sourceTree = "<group>"; };
		4B6B38721CF879B49FC115C2 /* GeneralSettingsView.swift */ = {isa = PBXFileReference; lastKnownFileType = sourcecode.swift; path = GeneralSettingsView.swift; sourceTree = "<group>"; };
		4EC3B7D6E960F198A3275AC9 /* PathConversionService.swift */ = {isa = PBXFileReference; lastKnownFileType = sourcecode.swift; path = PathConversionService.swift; sourceTree = "<group>"; };
		4F3624EF930DAA982A362067 /* LauncherViewModel.swift */ = {isa = PBXFileReference; lastKnownFileType = sourcecode.swift; path = LauncherViewModel.swift; sourceTree = "<group>"; };
		59BA44471E94FD6F802607CB /* NetPathTests.xctest */ = {isa = PBXFileReference; explicitFileType = wrapper.cfbundle; includeInIndex = 0; path = NetPathTests.xctest; sourceTree = BUILT_PRODUCTS_DIR; };
		5E8195465AA2533C8F944EF7 /* HistorySettingsView.swift */ = {isa = PBXFileReference; lastKnownFileType = sourcecode.swift; path = HistorySettingsView.swift; sourceTree = "<group>"; };
		66E1A0931B578F26F85297EC /* DirectoryListView.swift */ = {isa = PBXFileReference; lastKnownFileType = sourcecode.swift; path = DirectoryListView.swift; sourceTree = "<group>"; };
		6C46B36BFE42BEA758727621 /* TransparentHostingView.swift */ = {isa = PBXFileReference; lastKnownFileType = sourcecode.swift; path = TransparentHostingView.swift; sourceTree = "<group>"; };
		6ED2B2E79E6A097CF250E82E /* MountService.swift */ = {isa = PBXFileReference; lastKnownFileType = sourcecode.swift; path = MountService.swift; sourceTree = "<group>"; };
		78C2FC8ECE90DA1E8E544F61 /* KeychainService.swift */ = {isa = PBXFileReference; lastKnownFileType = sourcecode.swift; path = KeychainService.swift; sourceTree = "<group>"; };
		79DBDAC1A8EA2C5FC9F123C6 /* HotkeyService.swift */ = {isa = PBXFileReference; lastKnownFileType = sourcecode.swift; path = HotkeyService.swift; sourceTree = "<group>"; };
		7BF3AFB542B6CDF301524578 /* LoadingIndicator.swift */ = {isa = PBXFileReference; lastKnownFileType = sourcecode.swift; path = LoadingIndicator.swift; sourceTree = "<group>"; };
		7E8CDC2BAC49DFC61D967C21 /* NetPathHelper.xpc */ = {isa = PBXFileReference; explicitFileType = "wrapper.xpc-service"; includeInIndex = 0; path = NetPathHelper.xpc; sourceTree = BUILT_PRODUCTS_DIR; };
		7FB9F0C2DDF799CD57C1D128 /* AddressBar.swift */ = {isa = PBXFileReference; lastKnownFileType = sourcecode.swift; path = AddressBar.swift; sourceTree = "<group>"; };
		873572E5286A0EF168BD507E /* CredentialSheet.swift */ = {isa = PBXFileReference; lastKnownFileType = sourcecode.swift; path = CredentialSheet.swift; sourceTree = "<group>"; };
		925AC346005A1D5CE2EAA8DA /* PathEntryTests.swift */ = {isa = PBXFileReference; lastKnownFileType = sourcecode.swift; path = PathEntryTests.swift; sourceTree = "<group>"; };
		927EF3B0E24CF26A3B4D4106 /* NetPath.app */ = {isa = PBXFileReference; explicitFileType = wrapper.application; includeInIndex = 0; path = NetPath.app; sourceTree = BUILT_PRODUCTS_DIR; };
		933400E335BBD80F99A8AF50 /* AppDelegate.swift */ = {isa = PBXFileReference; lastKnownFileType = sourcecode.swift; path = AppDelegate.swift; sourceTree = "<group>"; };
		97A2BF9275873637098FA77D /* KeychainServiceTests.swift */ = {isa = PBXFileReference; lastKnownFileType = sourcecode.swift; path = KeychainServiceTests.swift; sourceTree = "<group>"; };
		9862B55F9FF5CEC0B0FE027D /* FileContextMenu.swift */ = {isa = PBXFileReference; lastKnownFileType = sourcecode.swift; path = FileContextMenu.swift; sourceTree = "<group>"; };
		9AD5389FCC39F67150CA3F1A /* ConnectionState.swift */ = {isa = PBXFileReference; lastKnownFileType = sourcecode.swift; path = ConnectionState.swift; sourceTree = "<group>"; };
		A4EE628A026C44ED2F4E8CBA /* NetPathHelperProtocol.swift */ = {isa = PBXFileReference; lastKnownFileType = sourcecode.swift; path = NetPathHelperProtocol.swift; sourceTree = "<group>"; };
		A4FB85EAD81C8747F30E6B82 /* SettingsView.swift */ = {isa = PBXFileReference; lastKnownFileType = sourcecode.swift; path = SettingsView.swift; sourceTree = "<group>"; };
		AD9F94883EBA6C175AD407E1 /* UNCPath.swift */ = {isa = PBXFileReference; lastKnownFileType = sourcecode.swift; path = UNCPath.swift; sourceTree = "<group>"; };
		C1DAB366783F695ECE10BE56 /* AppSettings.swift */ = {isa = PBXFileReference; lastKnownFileType = sourcecode.swift; path = AppSettings.swift; sourceTree = "<group>"; };
		D31CB3DA97ED57581675B293 /* Assets.xcassets */ = {isa = PBXFileReference; lastKnownFileType = folder.assetcatalog; path = Assets.xcassets; sourceTree = "<group>"; };
		D5ED3478B3E6D41A4BAF5BE1 /* PathSuggestionRow.swift */ = {isa = PBXFileReference; lastKnownFileType = sourcecode.swift; path = PathSuggestionRow.swift; sourceTree = "<group>"; };
		D77A5EE15D14519FA04672E7 /* Constants.swift */ = {isa = PBXFileReference; lastKnownFileType = sourcecode.swift; path = Constants.swift; sourceTree = "<group>"; };
		D9A9B560EC4EDE5C2294AD9D /* SidebarView.swift */ = {isa = PBXFileReference; lastKnownFileType = sourcecode.swift; path = SidebarView.swift; sourceTree = "<group>"; };
		DF9C4907001DF74D1A9A0CA1 /* FileItem.swift */ = {isa = PBXFileReference; lastKnownFileType = sourcecode.swift; path = FileItem.swift; sourceTree = "<group>"; };
		E8734F410B859CD31FE788D3 /* NetPath.entitlements */ = {isa = PBXFileReference; lastKnownFileType = text.plist.entitlements; path = NetPath.entitlements; sourceTree = "<group>"; };
		E9C8381C60620497EA4B7B6A /* Info.plist */ = {isa = PBXFileReference; lastKnownFileType = text.plist; path = Info.plist; sourceTree = "<group>"; };
		F0E4C7D72B8AF53521BB0427 /* main.swift */ = {isa = PBXFileReference; lastKnownFileType = sourcecode.swift; path = main.swift; sourceTree = "<group>"; };
		F0F5297159DF528C00536B5C /* MountSession.swift */ = {isa = PBXFileReference; lastKnownFileType = sourcecode.swift; path = MountSession.swift; sourceTree = "<group>"; };
		F2A2827FD0F41293F5E0487F /* LauncherPanel.swift */ = {isa = PBXFileReference; lastKnownFileType = sourcecode.swift; path = LauncherPanel.swift; sourceTree = "<group>"; };
		F6174048019CDEB157BF796E /* NetPathHelper.entitlements */ = {isa = PBXFileReference; lastKnownFileType = text.plist.entitlements; path = NetPathHelper.entitlements; sourceTree = "<group>"; };
		FDC913C0C6ED483CDAA5CCB0 /* FileRowView.swift */ = {isa = PBXFileReference; lastKnownFileType = sourcecode.swift; path = FileRowView.swift; sourceTree = "<group>"; };
/* End PBXFileReference section */

/* Begin PBXGroup section */
		10B4BC3FDE4B8E7D66836A80 /* Launcher */ = {
			isa = PBXGroup;
			children = (
				F2A2827FD0F41293F5E0487F /* LauncherPanel.swift */,
				2EA72BA3A94F46CA6BE240F3 /* LauncherView.swift */,
				D5ED3478B3E6D41A4BAF5BE1 /* PathSuggestionRow.swift */,
			);
			path = Launcher;
			sourceTree = "<group>";
		};
		185CFB62986F53E12FD79D14 /* Shared */ = {
			isa = PBXGroup;
			children = (
				873572E5286A0EF168BD507E /* CredentialSheet.swift */,
				7BF3AFB542B6CDF301524578 /* LoadingIndicator.swift */,
				6C46B36BFE42BEA758727621 /* TransparentHostingView.swift */,
			);
			path = Shared;
			sourceTree = "<group>";
		};
		189952D9E3161AEA6FD00F58 /* Browser */ = {
			isa = PBXGroup;
			children = (
				7FB9F0C2DDF799CD57C1D128 /* AddressBar.swift */,
				37F475BED4267C78163675CF /* BrowserView.swift */,
				28B96A0C78AC7DABF8533B20 /* DirectoryGridView.swift */,
				66E1A0931B578F26F85297EC /* DirectoryListView.swift */,
				9862B55F9FF5CEC0B0FE027D /* FileContextMenu.swift */,
				FDC913C0C6ED483CDAA5CCB0 /* FileRowView.swift */,
				D9A9B560EC4EDE5C2294AD9D /* SidebarView.swift */,
				3BB363FDFF4E71CF212CE34F /* StatusBarView.swift */,
			);
			path = Browser;
			sourceTree = "<group>";
		};
		268F529E5070117AE85C38F2 /* NetPathShared */ = {
			isa = PBXGroup;
			children = (
				A4EE628A026C44ED2F4E8CBA /* NetPathHelperProtocol.swift */,
			);
			path = NetPathShared;
			sourceTree = "<group>";
		};
		2A11B424933C847B5E225B6E /* ViewModels */ = {
			isa = PBXGroup;
			children = (
				3D5015B1BAA74C7DE58A2EC9 /* BrowserViewModel.swift */,
				4F3624EF930DAA982A362067 /* LauncherViewModel.swift */,
				357BF485807B0B0ED57EC148 /* SettingsViewModel.swift */,
			);
			path = ViewModels;
			sourceTree = "<group>";
		};
		3892ABFCDB8F071547891E07 /* App */ = {
			isa = PBXGroup;
			children = (
				933400E335BBD80F99A8AF50 /* AppDelegate.swift */,
				32DFA151000F466CAE9969F9 /* NetPathApp.swift */,
			);
			path = App;
			sourceTree = "<group>";
		};
		39249E867BC9FDABC8529B17 /* Products */ = {
			isa = PBXGroup;
			children = (
				927EF3B0E24CF26A3B4D4106 /* NetPath.app */,
				7E8CDC2BAC49DFC61D967C21 /* NetPathHelper.xpc */,
				59BA44471E94FD6F802607CB /* NetPathTests.xctest */,
			);
			name = Products;
			sourceTree = "<group>";
		};
		51DCA2550A589B69E727F554 /* Models */ = {
			isa = PBXGroup;
			children = (
				C1DAB366783F695ECE10BE56 /* AppSettings.swift */,
				9AD5389FCC39F67150CA3F1A /* ConnectionState.swift */,
				DF9C4907001DF74D1A9A0CA1 /* FileItem.swift */,
				F0F5297159DF528C00536B5C /* MountSession.swift */,
				4503D03E675494489140B0EE /* PathEntry.swift */,
				AD9F94883EBA6C175AD407E1 /* UNCPath.swift */,
			);
			path = Models;
			sourceTree = "<group>";
		};
		521910BBAD72B931CA969629 /* Resources */ = {
			isa = PBXGroup;
			children = (
				D31CB3DA97ED57581675B293 /* Assets.xcassets */,
				E8734F410B859CD31FE788D3 /* NetPath.entitlements */,
			);
			path = Resources;
			sourceTree = "<group>";
		};
		5ECA6CD37761345CCF2287FB /* Views */ = {
			isa = PBXGroup;
			children = (
				189952D9E3161AEA6FD00F58 /* Browser */,
				10B4BC3FDE4B8E7D66836A80 /* Launcher */,
				CCC92C93BCE5A297801B9A8A /* Settings */,
				185CFB62986F53E12FD79D14 /* Shared */,
			);
			path = Views;
			sourceTree = "<group>";
		};
		898C6C2109AA75565EEEFF0C /* NetPathHelper */ = {
			isa = PBXGroup;
			children = (
				182FFE6100CA19138E3D26C3 /* HelperDelegate.swift */,
				E9C8381C60620497EA4B7B6A /* Info.plist */,
				F0E4C7D72B8AF53521BB0427 /* main.swift */,
				6ED2B2E79E6A097CF250E82E /* MountService.swift */,
				F6174048019CDEB157BF796E /* NetPathHelper.entitlements */,
			);
			path = NetPathHelper;
			sourceTree = "<group>";
		};
		9CDFDA08298AB40FC985874E /* NetPathTests */ = {
			isa = PBXGroup;
			children = (
				1ED1721F340C70CBEAB93310 /* FileSystemServiceTests.swift */,
				97A2BF9275873637098FA77D /* KeychainServiceTests.swift */,
				925AC346005A1D5CE2EAA8DA /* PathEntryTests.swift */,
				47D9E8BFF9CA8D6E58A1BFE0 /* UNCPathTests.swift */,
			);
			path = NetPathTests;
			sourceTree = "<group>";
		};
		BBF66D5504288809D405F8F1 /* NetPath */ = {
			isa = PBXGroup;
			children = (
				3892ABFCDB8F071547891E07 /* App */,
				51DCA2550A589B69E727F554 /* Models */,
				521910BBAD72B931CA969629 /* Resources */,
				C2140AA9BD4B00182584148D /* Services */,
				E6F74F7AED5DC6A324A17F10 /* Utilities */,
				2A11B424933C847B5E225B6E /* ViewModels */,
				5ECA6CD37761345CCF2287FB /* Views */,
			);
			path = NetPath;
			sourceTree = "<group>";
		};
		C2140AA9BD4B00182584148D /* Services */ = {
			isa = PBXGroup;
			children = (
				1F871690ED20355BBBD4DA2A /* FileSystemService.swift */,
				79DBDAC1A8EA2C5FC9F123C6 /* HotkeyService.swift */,
				78C2FC8ECE90DA1E8E544F61 /* KeychainService.swift */,
				4EC3B7D6E960F198A3275AC9 /* PathConversionService.swift */,
				3C9C275646A88382197B3DD0 /* XPCClient.swift */,
			);
			path = Services;
			sourceTree = "<group>";
		};
		CCC92C93BCE5A297801B9A8A /* Settings */ = {
			isa = PBXGroup;
			children = (
				2D4831B083295DA66F537904 /* CredentialSettingsView.swift */,
				4B6B38721CF879B49FC115C2 /* GeneralSettingsView.swift */,
				5E8195465AA2533C8F944EF7 /* HistorySettingsView.swift */,
				A4FB85EAD81C8747F30E6B82 /* SettingsView.swift */,
			);
			path = Settings;
			sourceTree = "<group>";
		};
		E6F74F7AED5DC6A324A17F10 /* Utilities */ = {
			isa = PBXGroup;
			children = (
				D77A5EE15D14519FA04672E7 /* Constants.swift */,
				0ED5E05963C022BDF7BE33C6 /* Extensions.swift */,
			);
			path = Utilities;
			sourceTree = "<group>";
		};
		E9F8272CEA08EF7A4EDC29FC = {
			isa = PBXGroup;
			children = (
				BBF66D5504288809D405F8F1 /* NetPath */,
				898C6C2109AA75565EEEFF0C /* NetPathHelper */,
				268F529E5070117AE85C38F2 /* NetPathShared */,
				9CDFDA08298AB40FC985874E /* NetPathTests */,
				39249E867BC9FDABC8529B17 /* Products */,
			);
			sourceTree = "<group>";
		};
/* End PBXGroup section */

/* Begin PBXNativeTarget section */
		29BC6C0C4A5E29EBB021F72F /* NetPathHelper */ = {
			isa = PBXNativeTarget;
			buildConfigurationList = 6641B0B712C80C1AFCB47EFB /* Build configuration list for PBXNativeTarget "NetPathHelper" */;
			buildPhases = (
				9DD6AC7AF0A47495A70B685D /* Sources */,
			);
			buildRules = (
			);
			dependencies = (
			);
			name = NetPathHelper;
			productName = NetPathHelper;
			productReference = 7E8CDC2BAC49DFC61D967C21 /* NetPathHelper.xpc */;
			productType = "com.apple.product-type.xpc-service";
		};
		4D10D084B15EFA67AC75966A /* NetPathTests */ = {
			isa = PBXNativeTarget;
			buildConfigurationList = F207D3CF6D14A749A135DCEB /* Build configuration list for PBXNativeTarget "NetPathTests" */;
			buildPhases = (
				727A35A4054156C6420B7450 /* Sources */,
			);
			buildRules = (
			);
			dependencies = (
				CA7DCC0B58F4F4EC0511A183 /* PBXTargetDependency */,
			);
			name = NetPathTests;
			productName = NetPathTests;
			productReference = 59BA44471E94FD6F802607CB /* NetPathTests.xctest */;
			productType = "com.apple.product-type.bundle.unit-test";
		};
		E5FFCF7E8D743FCDB173A4E9 /* NetPath */ = {
			isa = PBXNativeTarget;
			buildConfigurationList = FB8946AC47E8B7FECBE8DF1E /* Build configuration list for PBXNativeTarget "NetPath" */;
			buildPhases = (
				DDD25BA00866697A70869B93 /* Sources */,
				F72B71720E63F4648168137D /* Resources */,
				E35D7F0F4C106F31C3EDD9CB /* CopyFiles */,
			);
			buildRules = (
			);
			dependencies = (
				A9C44385332F97C4C08A9D79 /* PBXTargetDependency */,
			);
			name = NetPath;
			productName = NetPath;
			productReference = 927EF3B0E24CF26A3B4D4106 /* NetPath.app */;
			productType = "com.apple.product-type.application";
		};
/* End PBXNativeTarget section */

/* Begin PBXProject section */
		2D97A5DAB4841A03DFBFD13C /* Project object */ = {
			isa = PBXProject;
			attributes = {
				BuildIndependentTargetsInParallel = YES;
				LastUpgradeCheck = 1600;
				TargetAttributes = {
				};
			};
			buildConfigurationList = E7AA6FBB98C4E5C170AAF373 /* Build configuration list for PBXProject "NetPath" */;
			compatibilityVersion = "Xcode 14.0";
			developmentRegion = en;
			hasScannedForEncodings = 0;
			knownRegions = (
				Base,
				en,
			);
			mainGroup = E9F8272CEA08EF7A4EDC29FC;
			projectDirPath = "";
			projectRoot = "";
			targets = (
				E5FFCF7E8D743FCDB173A4E9 /* NetPath */,
				29BC6C0C4A5E29EBB021F72F /* NetPathHelper */,
				4D10D084B15EFA67AC75966A /* NetPathTests */,
			);
		};
/* End PBXProject section */

/* Begin PBXResourcesBuildPhase section */
		F72B71720E63F4648168137D /* Resources */ = {
			isa = PBXResourcesBuildPhase;
			buildActionMask = 2147483647;
			files = (
				FA556D71009A61C82384193E /* Assets.xcassets in Resources */,
			);
			runOnlyForDeploymentPostprocessing = 0;
		};
/* End PBXResourcesBuildPhase section */

/* Begin PBXSourcesBuildPhase section */
		727A35A4054156C6420B7450 /* Sources */ = {
			isa = PBXSourcesBuildPhase;
			buildActionMask = 2147483647;
			files = (
				116FDE995701054CB30C4F91 /* FileSystemServiceTests.swift in Sources */,
				E670447F102FD419C1A262F8 /* KeychainServiceTests.swift in Sources */,
				F99D78AEC8B3B92C8A660CB2 /* NetPathHelperProtocol.swift in Sources */,
				F543E04949EEA104D650CCBE /* PathEntryTests.swift in Sources */,
				43B1261CE761FA15C7E45FFB /* UNCPathTests.swift in Sources */,
			);
			runOnlyForDeploymentPostprocessing = 0;
		};
		9DD6AC7AF0A47495A70B685D /* Sources */ = {
			isa = PBXSourcesBuildPhase;
			buildActionMask = 2147483647;
			files = (
				23E8998483274E38E318A7B3 /* HelperDelegate.swift in Sources */,
				FD2C4F7080B17D227CDA1E1C /* MountService.swift in Sources */,
				9650A6D84361D3367EEE9795 /* NetPathHelperProtocol.swift in Sources */,
				7499E9A4709F14E0B870D776 /* main.swift in Sources */,
			);
			runOnlyForDeploymentPostprocessing = 0;
		};
		DDD25BA00866697A70869B93 /* Sources */ = {
			isa = PBXSourcesBuildPhase;
			buildActionMask = 2147483647;
			files = (
				58CA99D14F6F395308F2473F /* AddressBar.swift in Sources */,
				6270042DDF27229AB7A3A97A /* AppDelegate.swift in Sources */,
				40FC690C7EFA1BB2C19B0258 /* AppSettings.swift in Sources */,
				5086BBAD1BD5500FD37173DE /* BrowserView.swift in Sources */,
				351EB86F0D8BBCEC55BF5E94 /* BrowserViewModel.swift in Sources */,
				528B4EF9693FDFFE4C6DE1AA /* ConnectionState.swift in Sources */,
				B8D51F5B297D8400024D838E /* Constants.swift in Sources */,
				5FF740B651EC078A9C37EE53 /* CredentialSettingsView.swift in Sources */,
				CF0BEF8D16EF78BF4B94883B /* CredentialSheet.swift in Sources */,
				B4DDB4D3B46BA108FABA3AFF /* DirectoryGridView.swift in Sources */,
				065F987C70BA54DE07F0D9B1 /* DirectoryListView.swift in Sources */,
				23FDA4321497DA04C702F283 /* Extensions.swift in Sources */,
				7CED5760696748C162650678 /* FileContextMenu.swift in Sources */,
				D964E40FE940241962ABEAE4 /* FileItem.swift in Sources */,
				11CB4CA7945E8892F1EA325C /* FileRowView.swift in Sources */,
				A8F3F4A710683F6A08FAB8F7 /* FileSystemService.swift in Sources */,
				D6760AF7566F43160D15C37C /* GeneralSettingsView.swift in Sources */,
				723257EBCE75870111394042 /* HistorySettingsView.swift in Sources */,
				98EBEE5BD7A0437FAA0ED083 /* HotkeyService.swift in Sources */,
				0B2DDF921A920AA70AF672C5 /* KeychainService.swift in Sources */,
				87298AEA39D71351747B2CF0 /* LauncherPanel.swift in Sources */,
				9BF6ECFDE3151EDEE2A17F21 /* LauncherView.swift in Sources */,
				AD1DF724824BA21E15E32F43 /* LauncherViewModel.swift in Sources */,
				E1217BE1A39810AE90CBF4E0 /* LoadingIndicator.swift in Sources */,
				DF78790C8606C6E5E004B7D3 /* MountSession.swift in Sources */,
				261DE1208E2C5EE25994F679 /* NetPathApp.swift in Sources */,
				6BEC4C800B3451D4D280FB8E /* NetPathHelperProtocol.swift in Sources */,
				4CD20F17D37E733DCED318F2 /* PathConversionService.swift in Sources */,
				6E3F7121902632E113161EA0 /* PathEntry.swift in Sources */,
				5B4FDA62955D46AC7448E8F5 /* PathSuggestionRow.swift in Sources */,
				C744A080DDFE47CA6810B42B /* SettingsView.swift in Sources */,
				D022AC42B7BFD3A30F0E68AA /* SettingsViewModel.swift in Sources */,
				996CB435E30B42843D38F789 /* SidebarView.swift in Sources */,
				AF5DC1BB359A4D52A22A4C51 /* StatusBarView.swift in Sources */,
				18A28AC03DD660870873BC0C /* TransparentHostingView.swift in Sources */,
				88E60C7A09D5AB999117A3D2 /* UNCPath.swift in Sources */,
				C7F0BB996941EE3EF439FC80 /* XPCClient.swift in Sources */,
			);
			runOnlyForDeploymentPostprocessing = 0;
		};
/* End PBXSourcesBuildPhase section */

/* Begin PBXTargetDependency section */
		A9C44385332F97C4C08A9D79 /* PBXTargetDependency */ = {
			isa = PBXTargetDependency;
			target = 29BC6C0C4A5E29EBB021F72F /* NetPathHelper */;
			targetProxy = F91B8B8E50587A2FA2A60392 /* PBXContainerItemProxy */;
		};
		CA7DCC0B58F4F4EC0511A183 /* PBXTargetDependency */ = {
			isa = PBXTargetDependency;
			target = E5FFCF7E8D743FCDB173A4E9 /* NetPath */;
			targetProxy = C345071C516BFDBA95D9284D /* PBXContainerItemProxy */;
		};
/* End PBXTargetDependency section */

/* Begin XCBuildConfiguration section */
		03E3E06F229E15D7DBE9BEBC /* Debug */ = {
			isa = XCBuildConfiguration;
			buildSettings = {
				ALWAYS_SEARCH_USER_PATHS = NO;
				CLANG_ANALYZER_NONNULL = YES;
				CLANG_ANALYZER_NUMBER_OBJECT_CONVERSION = YES_AGGRESSIVE;
				CLANG_CXX_LANGUAGE_STANDARD = "gnu++14";
				CLANG_CXX_LIBRARY = "libc++";
				CLANG_ENABLE_MODULES = YES;
				CLANG_ENABLE_OBJC_ARC = YES;
				CLANG_ENABLE_OBJC_WEAK = YES;
				CLANG_WARN_BLOCK_CAPTURE_AUTORELEASING = YES;
				CLANG_WARN_BOOL_CONVERSION = YES;
				CLANG_WARN_COMMA = YES;
				CLANG_WARN_CONSTANT_CONVERSION = YES;
				CLANG_WARN_DEPRECATED_OBJC_IMPLEMENTATIONS = YES;
				CLANG_WARN_DIRECT_OBJC_ISA_USAGE = YES_ERROR;
				CLANG_WARN_DOCUMENTATION_COMMENTS = YES;
				CLANG_WARN_EMPTY_BODY = YES;
				CLANG_WARN_ENUM_CONVERSION = YES;
				CLANG_WARN_INFINITE_RECURSION = YES;
				CLANG_WARN_INT_CONVERSION = YES;
				CLANG_WARN_NON_LITERAL_NULL_CONVERSION = YES;
				CLANG_WARN_OBJC_IMPLICIT_RETAIN_SELF = YES;
				CLANG_WARN_OBJC_LITERAL_CONVERSION = YES;
				CLANG_WARN_OBJC_ROOT_CLASS = YES_ERROR;
				CLANG_WARN_QUOTED_INCLUDE_IN_FRAMEWORK_HEADER = YES;
				CLANG_WARN_RANGE_LOOP_ANALYSIS = YES;
				CLANG_WARN_STRICT_PROTOTYPES = YES;
				CLANG_WARN_SUSPICIOUS_MOVE = YES;
				CLANG_WARN_UNGUARDED_AVAILABILITY = YES_AGGRESSIVE;
				CLANG_WARN_UNREACHABLE_CODE = YES;
				CLANG_WARN__DUPLICATE_METHOD_MATCH = YES;
				COPY_PHASE_STRIP = NO;
				DEBUG_INFORMATION_FORMAT = dwarf;
				ENABLE_STRICT_OBJC_MSGSEND = YES;
				ENABLE_TESTABILITY = YES;
				GCC_C_LANGUAGE_STANDARD = gnu11;
				GCC_DYNAMIC_NO_PIC = NO;
				GCC_NO_COMMON_BLOCKS = YES;
				GCC_OPTIMIZATION_LEVEL = 0;
				GCC_PREPROCESSOR_DEFINITIONS = (
					"$(inherited)",
					"DEBUG=1",
				);
				GCC_WARN_64_TO_32_BIT_CONVERSION = YES;
				GCC_WARN_ABOUT_RETURN_TYPE = YES_ERROR;
				GCC_WARN_UNDECLARED_SELECTOR = YES;
				GCC_WARN_UNINITIALIZED_AUTOS = YES_AGGRESSIVE;
				GCC_WARN_UNUSED_FUNCTION = YES;
				GCC_WARN_UNUSED_VARIABLE = YES;
				MACOSX_DEPLOYMENT_TARGET = 14.0;
				MTL_ENABLE_DEBUG_INFO = INCLUDE_SOURCE;
				MTL_FAST_MATH = YES;
				ONLY_ACTIVE_ARCH = YES;
				PRODUCT_NAME = "$(TARGET_NAME)";
				SDKROOT = macosx;
				SWIFT_ACTIVE_COMPILATION_CONDITIONS = DEBUG;
				SWIFT_OPTIMIZATION_LEVEL = "-Onone";
				SWIFT_VERSION = 6.0;
			};
			name = Debug;
		};
		0BB99199CB97F46172A3A957 /* Release */ = {
			isa = XCBuildConfiguration;
			buildSettings = {
				ASSETCATALOG_COMPILER_APPICON_NAME = AppIcon;
				CODE_SIGN_ENTITLEMENTS = NetPath/Resources/NetPath.entitlements;
				COMBINE_HIDPI_IMAGES = YES;
				CURRENT_PROJECT_VERSION = 1;
				GENERATE_INFOPLIST_FILE = YES;
				INFOPLIST_KEY_LSUIElement = YES;
				LD_RUNPATH_SEARCH_PATHS = (
					"$(inherited)",
					"@executable_path/../Frameworks",
				);
				MARKETING_VERSION = 1.0.0;
				PRODUCT_BUNDLE_IDENTIFIER = com.bliksem.netpath;
				PRODUCT_NAME = NetPath;
				SDKROOT = macosx;
			};
			name = Release;
		};
		39FEBEAF9224CF055AB2E2E1 /* Release */ = {
			isa = XCBuildConfiguration;
			buildSettings = {
				ALWAYS_SEARCH_USER_PATHS = NO;
				CLANG_ANALYZER_NONNULL = YES;
				CLANG_ANALYZER_NUMBER_OBJECT_CONVERSION = YES_AGGRESSIVE;
				CLANG_CXX_LANGUAGE_STANDARD = "gnu++14";
				CLANG_CXX_LIBRARY = "libc++";
				CLANG_ENABLE_MODULES = YES;
				CLANG_ENABLE_OBJC_ARC = YES;
				CLANG_ENABLE_OBJC_WEAK = YES;
				CLANG_WARN_BLOCK_CAPTURE_AUTORELEASING = YES;
				CLANG_WARN_BOOL_CONVERSION = YES;
				CLANG_WARN_COMMA = YES;
				CLANG_WARN_CONSTANT_CONVERSION = YES;
				CLANG_WARN_DEPRECATED_OBJC_IMPLEMENTATIONS = YES;
				CLANG_WARN_DIRECT_OBJC_ISA_USAGE = YES_ERROR;
				CLANG_WARN_DOCUMENTATION_COMMENTS = YES;
				CLANG_WARN_EMPTY_BODY = YES;
				CLANG_WARN_ENUM_CONVERSION = YES;
				CLANG_WARN_INFINITE_RECURSION = YES;
				CLANG_WARN_INT_CONVERSION = YES;
				CLANG_WARN_NON_LITERAL_NULL_CONVERSION = YES;
				CLANG_WARN_OBJC_IMPLICIT_RETAIN_SELF = YES;
				CLANG_WARN_OBJC_LITERAL_CONVERSION = YES;
				CLANG_WARN_OBJC_ROOT_CLASS = YES_ERROR;
				CLANG_WARN_QUOTED_INCLUDE_IN_FRAMEWORK_HEADER = YES;
				CLANG_WARN_RANGE_LOOP_ANALYSIS = YES;
				CLANG_WARN_STRICT_PROTOTYPES = YES;
				CLANG_WARN_SUSPICIOUS_MOVE = YES;
				CLANG_WARN_UNGUARDED_AVAILABILITY = YES_AGGRESSIVE;
				CLANG_WARN_UNREACHABLE_CODE = YES;
				CLANG_WARN__DUPLICATE_METHOD_MATCH = YES;
				COPY_PHASE_STRIP = NO;
				DEBUG_INFORMATION_FORMAT = "dwarf-with-dsym";
				ENABLE_NS_ASSERTIONS = NO;
				ENABLE_STRICT_OBJC_MSGSEND = YES;
				GCC_C_LANGUAGE_STANDARD = gnu11;
				GCC_NO_COMMON_BLOCKS = YES;
				GCC_WARN_64_TO_32_BIT_CONVERSION = YES;
				GCC_WARN_ABOUT_RETURN_TYPE = YES_ERROR;
				GCC_WARN_UNDECLARED_SELECTOR = YES;
				GCC_WARN_UNINITIALIZED_AUTOS = YES_AGGRESSIVE;
				GCC_WARN_UNUSED_FUNCTION = YES;
				GCC_WARN_UNUSED_VARIABLE = YES;
				MACOSX_DEPLOYMENT_TARGET = 14.0;
				MTL_ENABLE_DEBUG_INFO = NO;
				MTL_FAST_MATH = YES;
				PRODUCT_NAME = "$(TARGET_NAME)";
				SDKROOT = macosx;
				SWIFT_COMPILATION_MODE = wholemodule;
				SWIFT_OPTIMIZATION_LEVEL = "-O";
				SWIFT_VERSION = 6.0;
			};
			name = Release;
		};
		5A99D0F780A836F7AB202ED2 /* Release */ = {
			isa = XCBuildConfiguration;
			buildSettings = {
				CODE_SIGN_ENTITLEMENTS = NetPathHelper/NetPathHelper.entitlements;
				COMBINE_HIDPI_IMAGES = YES;
				INFOPLIST_FILE = NetPathHelper/Info.plist;
				LD_RUNPATH_SEARCH_PATHS = (
					"$(inherited)",
					"@executable_path/../Frameworks",
				);
				PRODUCT_BUNDLE_IDENTIFIER = com.bliksem.netpath.helper;
				PRODUCT_NAME = NetPathHelper;
				SDKROOT = macosx;
				SKIP_INSTALL = YES;
			};
			name = Release;
		};
		BE9FEF83AD541B217AFE8DF0 /* Debug */ = {
			isa = XCBuildConfiguration;
			buildSettings = {
				ASSETCATALOG_COMPILER_APPICON_NAME = AppIcon;
				CODE_SIGN_ENTITLEMENTS = NetPath/Resources/NetPath.entitlements;
				COMBINE_HIDPI_IMAGES = YES;
				CURRENT_PROJECT_VERSION = 1;
				GENERATE_INFOPLIST_FILE = YES;
				INFOPLIST_KEY_LSUIElement = YES;
				LD_RUNPATH_SEARCH_PATHS = (
					"$(inherited)",
					"@executable_path/../Frameworks",
				);
				MARKETING_VERSION = 1.0.0;
				PRODUCT_BUNDLE_IDENTIFIER = com.bliksem.netpath;
				PRODUCT_NAME = NetPath;
				SDKROOT = macosx;
			};
			name = Debug;
		};
		D27E1CDB64E1FC4E6CBFE7B5 /* Release */ = {
			isa = XCBuildConfiguration;
			buildSettings = {
				BUNDLE_LOADER = "$(TEST_HOST)";
				COMBINE_HIDPI_IMAGES = YES;
				GENERATE_INFOPLIST_FILE = YES;
				LD_RUNPATH_SEARCH_PATHS = (
					"$(inherited)",
					"@executable_path/../Frameworks",
					"@loader_path/../Frameworks",
				);
				PRODUCT_BUNDLE_IDENTIFIER = com.bliksem.netpath.tests;
				SDKROOT = macosx;
				TEST_HOST = "$(BUILT_PRODUCTS_DIR)/NetPath.app/$(BUNDLE_EXECUTABLE_FOLDER_PATH)/NetPath";
			};
			name = Release;
		};
		D589D5EC0FA452FD126829DC /* Debug */ = {
			isa = XCBuildConfiguration;
			buildSettings = {
				CODE_SIGN_ENTITLEMENTS = NetPathHelper/NetPathHelper.entitlements;
				COMBINE_HIDPI_IMAGES = YES;
				INFOPLIST_FILE = NetPathHelper/Info.plist;
				LD_RUNPATH_SEARCH_PATHS = (
					"$(inherited)",
					"@executable_path/../Frameworks",
				);
				PRODUCT_BUNDLE_IDENTIFIER = com.bliksem.netpath.helper;
				PRODUCT_NAME = NetPathHelper;
				SDKROOT = macosx;
				SKIP_INSTALL = YES;
			};
			name = Debug;
		};
		F6A7E0B4863DA2CB1F63F837 /* Debug */ = {
			isa = XCBuildConfiguration;
			buildSettings = {
				BUNDLE_LOADER = "$(TEST_HOST)";
				COMBINE_HIDPI_IMAGES = YES;
				GENERATE_INFOPLIST_FILE = YES;
				LD_RUNPATH_SEARCH_PATHS = (
					"$(inherited)",
					"@executable_path/../Frameworks",
					"@loader_path/../Frameworks",
				);
				PRODUCT_BUNDLE_IDENTIFIER = com.bliksem.netpath.tests;
				SDKROOT = macosx;
				TEST_HOST = "$(BUILT_PRODUCTS_DIR)/NetPath.app/$(BUNDLE_EXECUTABLE_FOLDER_PATH)/NetPath";
			};
			name = Debug;
		};
/* End XCBuildConfiguration section */

/* Begin XCConfigurationList section */
		6641B0B712C80C1AFCB47EFB /* Build configuration list for PBXNativeTarget "NetPathHelper" */ = {
			isa = XCConfigurationList;
			buildConfigurations = (
				D589D5EC0FA452FD126829DC /* Debug */,
				5A99D0F780A836F7AB202ED2 /* Release */,
			);
			defaultConfigurationIsVisible = 0;
			defaultConfigurationName = Debug;
		};
		E7AA6FBB98C4E5C170AAF373 /* Build configuration list for PBXProject "NetPath" */ = {
			isa = XCConfigurationList;
			buildConfigurations = (
				03E3E06F229E15D7DBE9BEBC /* Debug */,
				39FEBEAF9224CF055AB2E2E1 /* Release */,
			);
			defaultConfigurationIsVisible = 0;
			defaultConfigurationName = Debug;
		};
		F207D3CF6D14A749A135DCEB /* Build configuration list for PBXNativeTarget "NetPathTests" */ = {
			isa = XCConfigurationList;
			buildConfigurations = (
				F6A7E0B4863DA2CB1F63F837 /* Debug */,
				D27E1CDB64E1FC4E6CBFE7B5 /* Release */,
			);
			defaultConfigurationIsVisible = 0;
			defaultConfigurationName = Debug;
		};
		FB8946AC47E8B7FECBE8DF1E /* Build configuration list for PBXNativeTarget "NetPath" */ = {
			isa = XCConfigurationList;
			buildConfigurations = (
				BE9FEF83AD541B217AFE8DF0 /* Debug */,
				0BB99199CB97F46172A3A957 /* Release */,
			);
			defaultConfigurationIsVisible = 0;
			defaultConfigurationName = Debug;
		};
/* End XCConfigurationList section */
	};
	rootObject = 2D97A5DAB4841A03DFBFD13C /* Project object */;
}
